
Microsoft Visual Studio Solution File, Format Version 12.00
# Visual Studio Version 17
VisualStudioVersion = 17.2.32526.322
MinimumVisualStudioVersion = 10.0.40219.1
Project("{FAE04EC0-301F-11D3-BF4B-00C04F79EFBC}") = "DemoToiletPaper2023", "DemoToiletPaper2023\DemoToiletPaper2023.csproj", "{49A0CAC7-39C7-4DB4-99EC-05AE2EBFFAD3}"
EndProject
Global
	GlobalSection(SolutionConfigurationPlatforms) = preSolution
		Debug|Any CPU = Debug|Any CPU
		Release|Any CPU = Release|Any CPU
	EndGlobalSection
	GlobalSection(ProjectConfigurationPlatforms) = postSolution
		{49A0CAC7-39C7-4DB4-99EC-05AE2EBFFAD3}.Debug|Any CPU.ActiveCfg = Debug|Any CPU
		{49A0CAC7-39C7-4DB4-99EC-05AE2EBFFAD3}.Debug|Any CPU.Build.0 = Debug|Any CPU
		{49A0CAC7-39C7-4DB4-99EC-05AE2EBFFAD3}.Release|Any CPU.ActiveCfg = Release|Any CPU
		{49A0CAC7-39C7-4DB4-99EC-05AE2EBFFAD3}.Release|Any CPU.Build.0 = Release|Any CPU
	EndGlobalSection
	GlobalSection(SolutionProperties) = preSolution
		HideSolutionNode = FALSE
	EndGlobalSection
	GlobalSection(ExtensibilityGlobals) = postSolution
		SolutionGuid = {77911A33-3365-4F5F-9AAB-FE623B0919B2}
	EndGlobalSection
EndGlobal
